dependencies:
- name: ondat-operator
  repository: file://../../component-charts/ondat-operator
  version: 0.6.2
- name: etcd-cluster-operator
  repository: file://../../component-charts/etcd-cluster-operator
  version: 0.1.3
digest: sha256:71dd8c9feeaff0fa94b63911655cbbb6202c41ec3de37a53692febe126104115
generated: "2022-08-08T20:41:01.905160139+01:00"
